
Microsoft Visual Studio Solution File, Format Version 12.00
# Visual Studio Version 17
VisualStudioVersion = 17.8.34511.84
MinimumVisualStudioVersion = 10.0.40219.1
Project("{FAE04EC0-301F-11D3-BF4B-00C04F79EFBC}") = "Ejercicio Listas y Diccionarios", "Ejercicio Listas y Diccionarios\Ejercicio Listas y Diccionarios.csproj", "{038DDCA9-EAA7-42F1-8C42-10D380DF38CC}"
EndProject
Global
	GlobalSection(SolutionConfigurationPlatforms) = preSolution
		Debug|Any CPU = Debug|Any CPU
		Release|Any CPU = Release|Any CPU
	EndGlobalSection
	GlobalSection(ProjectConfigurationPlatforms) = postSolution
		{038DDCA9-EAA7-42F1-8C42-10D380DF38CC}.Debug|Any CPU.ActiveCfg = Debug|Any CPU
		{038DDCA9-EAA7-42F1-8C42-10D380DF38CC}.Debug|Any CPU.Build.0 = Debug|Any CPU
		{038DDCA9-EAA7-42F1-8C42-10D380DF38CC}.Release|Any CPU.ActiveCfg = Release|Any CPU
		{038DDCA9-EAA7-42F1-8C42-10D380DF38CC}.Release|Any CPU.Build.0 = Release|Any CPU
	EndGlobalSection
	GlobalSection(SolutionProperties) = preSolution
		HideSolutionNode = FALSE
	EndGlobalSection
	GlobalSection(ExtensibilityGlobals) = postSolution
		SolutionGuid = {9B47C4FF-5003-4699-BF57-3A339BCBD095}
	EndGlobalSection
EndGlobal
